
Microsoft Visual Studio Solution File, Format Version 12.00
# Visual Studio Version 16
VisualStudioVersion = 16.0.30011.22
MinimumVisualStudioVersion = 10.0.40219.1
Project("{FAE04EC0-301F-11D3-BF4B-00C04F79EFBC}") = "SimpleCalculate", "SimpleCalculate\SimpleCalculate.csproj", "{46127E71-1AFD-4F40-894F-D718EAB320E0}"
EndProject
Global
	GlobalSection(SolutionConfigurationPlatforms) = preSolution
		Debug|Any CPU = Debug|Any CPU
		Release|Any CPU = Release|Any CPU
	EndGlobalSection
	GlobalSection(ProjectConfigurationPlatforms) = postSolution
		{46127E71-1AFD-4F40-894F-D718EAB320E0}.Debug|Any CPU.ActiveCfg = Debug|Any CPU
		{46127E71-1AFD-4F40-894F-D718EAB320E0}.Debug|Any CPU.Build.0 = Debug|Any CPU
		{46127E71-1AFD-4F40-894F-D718EAB320E0}.Release|Any CPU.ActiveCfg = Release|Any CPU
		{46127E71-1AFD-4F40-894F-D718EAB320E0}.Release|Any CPU.Build.0 = Release|Any CPU
	EndGlobalSection
	GlobalSection(SolutionProperties) = preSolution
		HideSolutionNode = FALSE
	EndGlobalSection
	GlobalSection(ExtensibilityGlobals) = postSolution
		SolutionGuid = {34F8EB65-0E69-4E05-ABD3-B2153FC891B3}
	EndGlobalSection
EndGlobal
